github.com/tdewolff/parse/v2 v2.5.17 h1:NGpZryZpWam53NV3WAfuJC0jZzNazKs0wmaMECYabew=
github.com/tdewolff/parse/v2 v2.5.17/go.mod h1:WzaJpRSbwq++EIQHYIRTpbYKNA3gn9it1Ik++q4zyho=
github.com/tdewolff/test v1.0.6 h1:76mzYJQ83Op284kMT+63iCNCI7NEERsIN8dLM+RiKr4=
github.com/tdewolff/test v1.0.6/go.mod h1:6DAvZliBAAnD7rhVgwaM7DE5/d9NMOAJ09SqYqeK4QE=
